
Microsoft Visual Studio Solution File, Format Version 12.00
# Visual Studio Version 17
VisualStudioVersion = 17.9.34701.34
MinimumVisualStudioVersion = 10.0.40219.1
Project("{FAE04EC0-301F-11D3-BF4B-00C04F79EFBC}") = "asp.net_CRUD_operation", "asp.net_CRUD_operation\asp.net_CRUD_operation.csproj", "{FF1BCC40-01E4-4F73-9C3D-FD512C200748}"
EndProject
Global
	GlobalSection(SolutionConfigurationPlatforms) = preSolution
		Debug|Any CPU = Debug|Any CPU
		Release|Any CPU = Release|Any CPU
	EndGlobalSection
	GlobalSection(ProjectConfigurationPlatforms) = postSolution
		{FF1BCC40-01E4-4F73-9C3D-FD512C200748}.Debug|Any CPU.ActiveCfg = Debug|Any CPU
		{FF1BCC40-01E4-4F73-9C3D-FD512C200748}.Debug|Any CPU.Build.0 = Debug|Any CPU
		{FF1BCC40-01E4-4F73-9C3D-FD512C200748}.Release|Any CPU.ActiveCfg = Release|Any CPU
		{FF1BCC40-01E4-4F73-9C3D-FD512C200748}.Release|Any CPU.Build.0 = Release|Any CPU
	EndGlobalSection
	GlobalSection(SolutionProperties) = preSolution
		HideSolutionNode = FALSE
	EndGlobalSection
	GlobalSection(ExtensibilityGlobals) = postSolution
		SolutionGuid = {D54CDA65-0797-4865-AB8F-4CDD64693CC9}
	EndGlobalSection
EndGlobal
